{
  "lockfileVersion": 1,
  "workspaces": {
    "": {
      "devDependencies": {
        "astring": "^1.9.0",
        "elm-tooling": "^1.15.1",
        "estree-walker": "^3.0.3",
        "meriyah": "^6.0.5",
        "ts-pattern": "^5.6.2",
      },
    },
  },
  "packages": {
    "@types/estree": ["@types/estree@1.0.6", "", {}, "sha512-AYnb1nQyY49te+VRAVgmzfcgjYS91mY5P0TKUDCLEM+gNnA+3T6rWITXRLYCpahpqSQbN5cE+gHpnPyXjHWxcw=="],

    "astring": ["astring@1.9.0", "", { "bin": { "astring": "bin/astring" } }, "sha512-LElXdjswlqjWrPpJFg1Fx4wpkOCxj1TDHlSV4PlaRxHGWko024xICaa97ZkMfs6DRKlCguiAI+rbXv5GWwXIkg=="],

    "elm-tooling": ["elm-tooling@1.15.1", "", { "bin": { "elm-tooling": "index.js" } }, "sha512-+rRYa7gzz6l2/Ip2i197MqkW5abOwPOP/+WlyyatLDeDhh+JR0HUMlZJYenCYodBeG/xW5xW3pRYQ2onf5bIAw=="],

    "estree-walker": ["estree-walker@3.0.3", "", { "dependencies": { "@types/estree": "^1.0.0" } }, "sha512-7RUKfXgSMMkzt6ZuXmqapOurLGPPfgj6l9uRZ7lRGolvk0y2yocc35LdcxKC5PQZdn2DMqioAQ2NoWcrTKmm6g=="],

    "meriyah": ["meriyah@6.0.5", "", {}, "sha512-SrMqQCox7TTwtftWKHy/ZaVe+ZRpRl20pAgDo+PS9hzcAJrMjYsBJQPPiLXTnjztrqdfGS+Zz99r6Bwvydta1w=="],

    "ts-pattern": ["ts-pattern@5.6.2", "", {}, "sha512-d4IxJUXROL5NCa3amvMg6VQW2HVtZYmUTPfvVtO7zJWGYLJ+mry9v2OmYm+z67aniQoQ8/yFNadiEwtNS9qQiw=="],
  }
}
